
Microsoft Visual Studio Solution File, Format Version 12.00
# Visual Studio Version 17
VisualStudioVersion = 17.1.32210.238
MinimumVisualStudioVersion = 10.0.40219.1
Project("{FAE04EC0-301F-11D3-BF4B-00C04F79EFBC}") = "CommandPattern", "CommandPattern\CommandPattern.csproj", "{B4A1A431-D088-4730-B88E-2D6EBA3FA57F}"
EndProject
Global
	GlobalSection(SolutionConfigurationPlatforms) = preSolution
		Debug|Any CPU = Debug|Any CPU
		Release|Any CPU = Release|Any CPU
	EndGlobalSection
	GlobalSection(ProjectConfigurationPlatforms) = postSolution
		{B4A1A431-D088-4730-B88E-2D6EBA3FA57F}.Debug|Any CPU.ActiveCfg = Debug|Any CPU
		{B4A1A431-D088-4730-B88E-2D6EBA3FA57F}.Debug|Any CPU.Build.0 = Debug|Any CPU
		{B4A1A431-D088-4730-B88E-2D6EBA3FA57F}.Release|Any CPU.ActiveCfg = Release|Any CPU
		{B4A1A431-D088-4730-B88E-2D6EBA3FA57F}.Release|Any CPU.Build.0 = Release|Any CPU
	EndGlobalSection
	GlobalSection(SolutionProperties) = preSolution
		HideSolutionNode = FALSE
	EndGlobalSection
	GlobalSection(ExtensibilityGlobals) = postSolution
		SolutionGuid = {18A7ECED-CC40-45E1-8193-31C3DE12A40B}
	EndGlobalSection
EndGlobal
